
Microsoft Visual Studio Solution File, Format Version 12.00
# Visual Studio Version 17
VisualStudioVersion = 17.10.34804.81
MinimumVisualStudioVersion = 10.0.40219.1
Project("{9A19103F-16F7-4668-BE54-9A1E7A4F7556}") = "TaskManager", "TaskManager\TaskManager.csproj", "{FDCA86D4-DD4D-4F56-B85C-77A297517246}"
EndProject
Global
	GlobalSection(SolutionConfigurationPlatforms) = preSolution
		Debug|Any CPU = Debug|Any CPU
		Release|Any CPU = Release|Any CPU
	EndGlobalSection
	GlobalSection(ProjectConfigurationPlatforms) = postSolution
		{FDCA86D4-DD4D-4F56-B85C-77A297517246}.Debug|Any CPU.ActiveCfg = Debug|Any CPU
		{FDCA86D4-DD4D-4F56-B85C-77A297517246}.Debug|Any CPU.Build.0 = Debug|Any CPU
		{FDCA86D4-DD4D-4F56-B85C-77A297517246}.Release|Any CPU.ActiveCfg = Release|Any CPU
		{FDCA86D4-DD4D-4F56-B85C-77A297517246}.Release|Any CPU.Build.0 = Release|Any CPU
	EndGlobalSection
	GlobalSection(SolutionProperties) = preSolution
		HideSolutionNode = FALSE
	EndGlobalSection
	GlobalSection(ExtensibilityGlobals) = postSolution
		SolutionGuid = {7D5FEDF3-C016-4372-B9DC-17A18E8FC585}
	EndGlobalSection
EndGlobal
